// !$*UTF8*$!
{
	archiveVersion = 1;
	classes = {
	};
	objectVersion = 50;
	objects = {

/* Begin PBXBuildFile section */
		4312BC2520B8497300B8BEC9 /* Ship.swift in Sources */ = {isa = PBXBuildFile; fileRef = 4312BC2420B8497300B8BEC9 /* Ship.swift */; };
		4312BC2720B84E4000B8BEC9 /* Player.swift in Sources */ = {isa = PBXBuildFile; fileRef = 4312BC2620B84E4000B8BEC9 /* Player.swift */; };
		4312BC2920B854A500B8BEC9 /* Game.swift in Sources */ = {isa = PBXBuildFile; fileRef = 4312BC2820B854A500B8BEC9 /* Game.swift */; };
		431E4D4720DFA4C900698F63 /* WaitView.xib in Resources */ = {isa = PBXBuildFile; fileRef = 431E4D4620DFA4C900698F63 /* WaitView.xib */; };
		431E4D4920DFD9BC00698F63 /* GameView.xib in Resources */ = {isa = PBXBuildFile; fileRef = 431E4D4820DFD9BC00698F63 /* GameView.xib */; };
		436B5ECE20B2DB980034387B /* AppDelegate.swift in Sources */ = {isa = PBXBuildFile; fileRef = 436B5ECD20B2DB980034387B /* AppDelegate.swift */; };
		436B5ED320B2DB980034387B /* Main.storyboard in Resources */ = {isa = PBXBuildFile; fileRef = 436B5ED120B2DB980034387B /* Main.storyboard */; };
		436B5ED520B2DB9A0034387B /* Assets.xcassets in Resources */ = {isa = PBXBuildFile; fileRef = 436B5ED420B2DB9A0034387B /* Assets.xcassets */; };
		436B5ED820B2DB9A0034387B /* LaunchScreen.storyboard in Resources */ = {isa = PBXBuildFile; fileRef = 436B5ED620B2DB9A0034387B /* LaunchScreen.storyboard */; };
		436B5EE320B2DB9A0034387B /* battleshipTests.swift in Sources */ = {isa = PBXBuildFile; fileRef = 436B5EE220B2DB9A0034387B /* battleshipTests.swift */; };
		436B5EEE20B2DB9A0034387B /* battleshipUITests.swift in Sources */ = {isa = PBXBuildFile; fileRef = 436B5EED20B2DB9A0034387B /* battleshipUITests.swift */; };
		436B5EFE20B2DD470034387B /* SocketManager.swift in Sources */ = {isa = PBXBuildFile; fileRef = 436B5EFD20B2DD470034387B /* SocketManager.swift */; };
		436B5F0420B2DD800034387B /* GameViewController.swift in Sources */ = {isa = PBXBuildFile; fileRef = 436B5F0320B2DD800034387B /* GameViewController.swift */; };
		436B5F0620B2DD940034387B /* LobbyViewController.swift in Sources */ = {isa = PBXBuildFile; fileRef = 436B5F0520B2DD940034387B /* LobbyViewController.swift */; };
		438DF9EA20B9C8D500FBC925 /* LineView.swift in Sources */ = {isa = PBXBuildFile; fileRef = 438DF9E920B9C8D500FBC925 /* LineView.swift */; };
		438DF9EC20B9D11C00FBC925 /* ShipView.swift in Sources */ = {isa = PBXBuildFile; fileRef = 438DF9EB20B9D11C00FBC925 /* ShipView.swift */; };
		438DF9EE20B9D6F400FBC925 /* GameView.swift in Sources */ = {isa = PBXBuildFile; fileRef = 438DF9ED20B9D6F400FBC925 /* GameView.swift */; };
		439F7FC620E0126000FBDDBD /* RequestManager.swift in Sources */ = {isa = PBXBuildFile; fileRef = 439F7FC520E0126000FBDDBD /* RequestManager.swift */; };
		66A60FBD330D03D84CA678A2 /* Pods_battleship.framework in Frameworks */ = {isa = PBXBuildFile; fileRef = 8134B7A82DD725C06D00E02B /* Pods_battleship.framework */; };
		8631295D74B5BEB8BA727730 /* Pods_battleshipTests.framework in Frameworks */ = {isa = PBXBuildFile; fileRef = 6EF34DB0DBC2FBCB6BBB6FB0 /* Pods_battleshipTests.framework */; };
		89728C45C3A57ABD45F59C0A /* Pods_battleshipUITests.framework in Frameworks */ = {isa = PBXBuildFile; fileRef = 8B40C734D5317F0AAFF58E66 /* Pods_battleshipUITests.framework */; };
/* End PBXBuildFile section */

/* Begin PBXContainerItemProxy section */
		436B5EDF20B2DB9A0034387B /* PBXContainerItemProxy */ = {
			isa = PBXContainerItemProxy;
			containerPortal = 436B5EC220B2DB980034387B /* Project object */;
			proxyType = 1;
			remoteGlobalIDString = 436B5EC920B2DB980034387B;
			remoteInfo = battleship;
		};
		436B5EEA20B2DB9A0034387B /* PBXContainerItemProxy */ = {
			isa = PBXContainerItemProxy;
			containerPortal = 436B5EC220B2DB980034387B /* Project object */;
			proxyType = 1;
			remoteGlobalIDString = 436B5EC920B2DB980034387B;
			remoteInfo = battleship;
		};
/* End PBXContainerItemProxy section */

/* Begin PBXFileReference section */
		060DAC36B2D85488EA08E837 /* Pods-battleship.debug.xcconfig */ = {isa = PBXFileReference; includeInIndex = 1; lastKnownFileType = text.xcconfig; name = "Pods-battleship.debug.xcconfig"; path = "Pods/Target Support Files/Pods-battleship/Pods-battleship.debug.xcconfig"; sourceTree = "<group>"; };
		38E8B7E6B0ECEC5CF57B14EF /* Pods-battleshipUITests.debug.xcconfig */ = {isa = PBXFileReference; includeInIndex = 1; lastKnownFileType = text.xcconfig; name = "Pods-battleshipUITests.debug.xcconfig"; path = "Pods/Target Support Files/Pods-battleshipUITests/Pods-battleshipUITests.debug.xcconfig"; sourceTree = "<group>"; };
		4312BC2420B8497300B8BEC9 /* Ship.swift */ = {isa = PBXFileReference; lastKnownFileType = sourcecode.swift; path = Ship.swift; sourceTree = "<group>"; };
		4312BC2620B84E4000B8BEC9 /* Player.swift */ = {isa = PBXFileReference; lastKnownFileType = sourcecode.swift; path = Player.swift; sourceTree = "<group>"; };
		4312BC2820B854A500B8BEC9 /* Game.swift */ = {isa = PBXFileReference; lastKnownFileType = sourcecode.swift; path = Game.swift; sourceTree = "<group>"; };
		431E4D4620DFA4C900698F63 /* WaitView.xib */ = {isa = PBXFileReference; lastKnownFileType = file.xib; path = WaitView.xib; sourceTree = "<group>"; };
		431E4D4820DFD9BC00698F63 /* GameView.xib */ = {isa = PBXFileReference; lastKnownFileType = file.xib; path = GameView.xib; sourceTree = "<group>"; };
		436B5ECA20B2DB980034387B /* battleship.app */ = {isa = PBXFileReference; explicitFileType = wrapper.application; includeInIndex = 0; path = battleship.app; sourceTree = BUILT_PRODUCTS_DIR; };
		436B5ECD20B2DB980034387B /* AppDelegate.swift */ = {isa = PBXFileReference; lastKnownFileType = sourcecode.swift; path = AppDelegate.swift; sourceTree = "<group>"; };
		436B5ED220B2DB980034387B /* Base */ = {isa = PBXFileReference; lastKnownFileType = file.storyboard; name = Base; path = Base.lproj/Main.storyboard; sourceTree = "<group>"; };
		436B5ED420B2DB9A0034387B /* Assets.xcassets */ = {isa = PBXFileReference; lastKnownFileType = folder.assetcatalog; path = Assets.xcassets; sourceTree = "<group>"; };
		436B5ED720B2DB9A0034387B /* Base */ = {isa = PBXFileReference; lastKnownFileType = file.storyboard; name = Base; path = Base.lproj/LaunchScreen.storyboard; sourceTree = "<group>"; };
		436B5ED920B2DB9A0034387B /* Info.plist */ = {isa = PBXFileReference; lastKnownFileType = text.plist.xml; path = Info.plist; sourceTree = "<group>"; };
		436B5EDE20B2DB9A0034387B /* battleshipTests.xctest */ = {isa = PBXFileReference; explicitFileType = wrapper.cfbundle; includeInIndex = 0; path = battleshipTests.xctest; sourceTree = BUILT_PRODUCTS_DIR; };
		436B5EE220B2DB9A0034387B /* battleshipTests.swift */ = {isa = PBXFileReference; lastKnownFileType = sourcecode.swift; path = battleshipTests.swift; sourceTree = "<group>"; };
		436B5EE420B2DB9A0034387B /* Info.plist */ = {isa = PBXFileReference; lastKnownFileType = text.plist.xml; path = Info.plist; sourceTree = "<group>"; };
		436B5EE920B2DB9A0034387B /* battleshipUITests.xctest */ = {isa = PBXFileReference; explicitFileType = wrapper.cfbundle; includeInIndex = 0; path = battleshipUITests.xctest; sourceTree = BUILT_PRODUCTS_DIR; };
		436B5EED20B2DB9A0034387B /* battleshipUITests.swift */ = {isa = PBXFileReference; lastKnownFileType = sourcecode.swift; path = battleshipUITests.swift; sourceTree = "<group>"; };
		436B5EEF20B2DB9A0034387B /* Info.plist */ = {isa = PBXFileReference; lastKnownFileType = text.plist.xml; path = Info.plist; sourceTree = "<group>"; };
		436B5EFD20B2DD470034387B /* SocketManager.swift */ = {isa = PBXFileReference; lastKnownFileType = sourcecode.swift; path = SocketManager.swift; sourceTree = "<group>"; };
		436B5F0320B2DD800034387B /* GameViewController.swift */ = {isa = PBXFileReference; lastKnownFileType = sourcecode.swift; path = GameViewController.swift; sourceTree = "<group>"; };
		436B5F0520B2DD940034387B /* LobbyViewController.swift */ = {isa = PBXFileReference; lastKnownFileType = sourcecode.swift; path = LobbyViewController.swift; sourceTree = "<group>"; };
		438DF9E920B9C8D500FBC925 /* LineView.swift */ = {isa = PBXFileReference; lastKnownFileType = sourcecode.swift; path = LineView.swift; sourceTree = "<group>"; };
		438DF9EB20B9D11C00FBC925 /* ShipView.swift */ = {isa = PBXFileReference; lastKnownFileType = sourcecode.swift; path = ShipView.swift; sourceTree = "<group>"; };
		438DF9ED20B9D6F400FBC925 /* GameView.swift */ = {isa = PBXFileReference; lastKnownFileType = sourcecode.swift; path = GameView.swift; sourceTree = "<group>"; };
		439F7FC520E0126000FBDDBD /* RequestManager.swift */ = {isa = PBXFileReference; lastKnownFileType = sourcecode.swift; path = RequestManager.swift; sourceTree = "<group>"; };
		62E726A47A5125EB290D0FE0 /* Pods-battleshipTests.release.xcconfig */ = {isa = PBXFileReference; includeInIndex = 1; lastKnownFileType = text.xcconfig; name = "Pods-battleshipTests.release.xcconfig"; path = "Pods/Target Support Files/Pods-battleshipTests/Pods-battleshipTests.release.xcconfig"; sourceTree = "<group>"; };
		6EF34DB0DBC2FBCB6BBB6FB0 /* Pods_battleshipTests.framework */ = {isa = PBXFileReference; explicitFileType = wrapper.framework; includeInIndex = 0; path = Pods_battleshipTests.framework; sourceTree = BUILT_PRODUCTS_DIR; };
		8134B7A82DD725C06D00E02B /* Pods_battleship.framework */ = {isa = PBXFileReference; explicitFileType = wrapper.framework; includeInIndex = 0; path = Pods_battleship.framework; sourceTree = BUILT_PRODUCTS_DIR; };
		8B40C734D5317F0AAFF58E66 /* Pods_battleshipUITests.framework */ = {isa = PBXFileReference; explicitFileType = wrapper.framework; includeInIndex = 0; path = Pods_battleshipUITests.framework; sourceTree = BUILT_PRODUCTS_DIR; };
		C547B3F191C7DBE5A893F140 /* Pods-battleship.release.xcconfig */ = {isa = PBXFileReference; includeInIndex = 1; lastKnownFileType = text.xcconfig; name = "Pods-battleship.release.xcconfig"; path = "Pods/Target Support Files/Pods-battleship/Pods-battleship.release.xcconfig"; sourceTree = "<group>"; };
		CBA4E93081CAC548CA3A8304 /* Pods-battleshipTests.debug.xcconfig */ = {isa = PBXFileReference; includeInIndex = 1; lastKnownFileType = text.xcconfig; name = "Pods-battleshipTests.debug.xcconfig"; path = "Pods/Target Support Files/Pods-battleshipTests/Pods-battleshipTests.debug.xcconfig"; sourceTree = "<group>"; };
		F4EE3452B6E9583025369F75 /* Pods-battleshipUITests.release.xcconfig */ = {isa = PBXFileReference; includeInIndex = 1; lastKnownFileType = text.xcconfig; name = "Pods-battleshipUITests.release.xcconfig"; path = "Pods/Target Support Files/Pods-battleshipUITests/Pods-battleshipUITests.release.xcconfig"; sourceTree = "<group>"; };
/* End PBXFileReference section */

/* Begin PBXFrameworksBuildPhase section */
		436B5EC720B2DB980034387B /* Frameworks */ = {
			isa = PBXFrameworksBuildPhase;
			buildActionMask = 2147483647;
			files = (
				66A60FBD330D03D84CA678A2 /* Pods_battleship.framework in Frameworks */,
			);
			runOnlyForDeploymentPostprocessing = 0;
		};
		436B5EDB20B2DB9A0034387B /* Frameworks */ = {
			isa = PBXFrameworksBuildPhase;
			buildActionMask = 2147483647;
			files = (
				8631295D74B5BEB8BA727730 /* Pods_battleshipTests.framework in Frameworks */,
			);
			runOnlyForDeploymentPostprocessing = 0;
		};
		436B5EE620B2DB9A0034387B /* Frameworks */ = {
			isa = PBXFrameworksBuildPhase;
			buildActionMask = 2147483647;
			files = (
				89728C45C3A57ABD45F59C0A /* Pods_battleshipUITests.framework in Frameworks */,
			);
			runOnlyForDeploymentPostprocessing = 0;
		};
/* End PBXFrameworksBuildPhase section */

/* Begin PBXGroup section */
		4312BC2320B8495400B8BEC9 /* Models */ = {
			isa = PBXGroup;
			children = (
				4312BC2420B8497300B8BEC9 /* Ship.swift */,
				4312BC2620B84E4000B8BEC9 /* Player.swift */,
				4312BC2820B854A500B8BEC9 /* Game.swift */,
			);
			path = Models;
			sourceTree = "<group>";
		};
		436B5EC120B2DB980034387B = {
			isa = PBXGroup;
			children = (
				436B5ECC20B2DB980034387B /* battleship */,
				436B5EE120B2DB9A0034387B /* battleshipTests */,
				436B5EEC20B2DB9A0034387B /* battleshipUITests */,
				436B5ECB20B2DB980034387B /* Products */,
				57BEEFA100412591A1B09E97 /* Pods */,
				636B1F97F335E0305E237895 /* Frameworks */,
			);
			sourceTree = "<group>";
		};
		436B5ECB20B2DB980034387B /* Products */ = {
			isa = PBXGroup;
			children = (
				436B5ECA20B2DB980034387B /* battleship.app */,
				436B5EDE20B2DB9A0034387B /* battleshipTests.xctest */,
				436B5EE920B2DB9A0034387B /* battleshipUITests.xctest */,
			);
			name = Products;
			sourceTree = "<group>";
		};
		436B5ECC20B2DB980034387B /* battleship */ = {
			isa = PBXGroup;
			children = (
				438DF9E820B9C8BB00FBC925 /* Views */,
				4312BC2320B8495400B8BEC9 /* Models */,
				436B5EFC20B2DBDD0034387B /* Views Controllers */,
				436B5EFB20B2DBCF0034387B /* Managers */,
				436B5ECD20B2DB980034387B /* AppDelegate.swift */,
				436B5ED120B2DB980034387B /* Main.storyboard */,
				436B5ED420B2DB9A0034387B /* Assets.xcassets */,
				436B5ED620B2DB9A0034387B /* LaunchScreen.storyboard */,
				436B5ED920B2DB9A0034387B /* Info.plist */,
			);
			path = battleship;
			sourceTree = "<group>";
		};
		436B5EE120B2DB9A0034387B /* battleshipTests */ = {
			isa = PBXGroup;
			children = (
				436B5EE220B2DB9A0034387B /* battleshipTests.swift */,
				436B5EE420B2DB9A0034387B /* Info.plist */,
			);
			path = battleshipTests;
			sourceTree = "<group>";
		};
		436B5EEC20B2DB9A0034387B /* battleshipUITests */ = {
			isa = PBXGroup;
			children = (
				436B5EED20B2DB9A0034387B /* battleshipUITests.swift */,
				436B5EEF20B2DB9A0034387B /* Info.plist */,
			);
			path = battleshipUITests;
			sourceTree = "<group>";
		};
		436B5EFB20B2DBCF0034387B /* Managers */ = {
			isa = PBXGroup;
			children = (
				436B5EFD20B2DD470034387B /* SocketManager.swift */,
				439F7FC520E0126000FBDDBD /* RequestManager.swift */,
			);
			path = Managers;
			sourceTree = "<group>";
		};
		436B5EFC20B2DBDD0034387B /* Views Controllers */ = {
			isa = PBXGroup;
			children = (
				436B5F0320B2DD800034387B /* GameViewController.swift */,
				436B5F0520B2DD940034387B /* LobbyViewController.swift */,
			);
			path = "Views Controllers";
			sourceTree = "<group>";
		};
		438DF9E820B9C8BB00FBC925 /* Views */ = {
			isa = PBXGroup;
			children = (
				438DF9E920B9C8D500FBC925 /* LineView.swift */,
				438DF9EB20B9D11C00FBC925 /* ShipView.swift */,
				438DF9ED20B9D6F400FBC925 /* GameView.swift */,
				431E4D4620DFA4C900698F63 /* WaitView.xib */,
				431E4D4820DFD9BC00698F63 /* GameView.xib */,
			);
			path = Views;
			sourceTree = "<group>";
		};
		57BEEFA100412591A1B09E97 /* Pods */ = {
			isa = PBXGroup;
			children = (
				060DAC36B2D85488EA08E837 /* Pods-battleship.debug.xcconfig */,
				C547B3F191C7DBE5A893F140 /* Pods-battleship.release.xcconfig */,
				CBA4E93081CAC548CA3A8304 /* Pods-battleshipTests.debug.xcconfig */,
				62E726A47A5125EB290D0FE0 /* Pods-battleshipTests.release.xcconfig */,
				38E8B7E6B0ECEC5CF57B14EF /* Pods-battleshipUITests.debug.xcconfig */,
				F4EE3452B6E9583025369F75 /* Pods-battleshipUITests.release.xcconfig */,
			);
			name = Pods;
			sourceTree = "<group>";
		};
		636B1F97F335E0305E237895 /* Frameworks */ = {
			isa = PBXGroup;
			children = (
				8134B7A82DD725C06D00E02B /* Pods_battleship.framework */,
				6EF34DB0DBC2FBCB6BBB6FB0 /* Pods_battleshipTests.framework */,
				8B40C734D5317F0AAFF58E66 /* Pods_battleshipUITests.framework */,
			);
			name = Frameworks;
			sourceTree = "<group>";
		};
/* End PBXGroup section */

/* Begin PBXNativeTarget section */
		436B5EC920B2DB980034387B /* battleship */ = {
			isa = PBXNativeTarget;
			buildConfigurationList = 436B5EF220B2DB9A0034387B /* Build configuration list for PBXNativeTarget "battleship" */;
			buildPhases = (
				F60F71AAE85AAC96FF1AE0E7 /* [CP] Check Pods Manifest.lock */,
				436B5EC620B2DB980034387B /* Sources */,
				436B5EC720B2DB980034387B /* Frameworks */,
				436B5EC820B2DB980034387B /* Resources */,
				B1B85BF393330F47339D802C /* [CP] Embed Pods Frameworks */,
			);
			buildRules = (
			);
			dependencies = (
			);
			name = battleship;
			productName = battleship;
			productReference = 436B5ECA20B2DB980034387B /* battleship.app */;
			productType = "com.apple.product-type.application";
		};
		436B5EDD20B2DB9A0034387B /* battleshipTests */ = {
			isa = PBXNativeTarget;
			buildConfigurationList = 436B5EF520B2DB9A0034387B /* Build configuration list for PBXNativeTarget "battleshipTests" */;
			buildPhases = (
				DECEBD9186048D85C8C5E671 /* [CP] Check Pods Manifest.lock */,
				436B5EDA20B2DB9A0034387B /* Sources */,
				436B5EDB20B2DB9A0034387B /* Frameworks */,
				436B5EDC20B2DB9A0034387B /* Resources */,
			);
			buildRules = (
			);
			dependencies = (
				436B5EE020B2DB9A0034387B /* PBXTargetDependency */,
			);
			name = battleshipTests;
			productName = battleshipTests;
			productReference = 436B5EDE20B2DB9A0034387B /* battleshipTests.xctest */;
			productType = "com.apple.product-type.bundle.unit-test";
		};
		436B5EE820B2DB9A0034387B /* battleshipUITests */ = {
			isa = PBXNativeTarget;
			buildConfigurationList = 436B5EF820B2DB9A0034387B /* Build configuration list for PBXNativeTarget "battleshipUITests" */;
			buildPhases = (
				48A6270A867C8B4ACF192CA2 /* [CP] Check Pods Manifest.lock */,
				436B5EE520B2DB9A0034387B /* Sources */,
				436B5EE620B2DB9A0034387B /* Frameworks */,
				436B5EE720B2DB9A0034387B /* Resources */,
			);
			buildRules = (
			);
			dependencies = (
				436B5EEB20B2DB9A0034387B /* PBXTargetDependency */,
			);
			name = battleshipUITests;
			productName = battleshipUITests;
			productReference = 436B5EE920B2DB9A0034387B /* battleshipUITests.xctest */;
			productType = "com.apple.product-type.bundle.ui-testing";
		};
/* End PBXNativeTarget section */

/* Begin PBXProject section */
		436B5EC220B2DB980034387B /* Project object */ = {
			isa = PBXProject;
			attributes = {
				LastSwiftUpdateCheck = 0930;
				LastUpgradeCheck = 0930;
				ORGANIZATIONNAME = "Arthur Hatchiguian";
				TargetAttributes = {
					436B5EC920B2DB980034387B = {
						CreatedOnToolsVersion = 9.3.1;
					};
					436B5EDD20B2DB9A0034387B = {
						CreatedOnToolsVersion = 9.3.1;
						TestTargetID = 436B5EC920B2DB980034387B;
					};
					436B5EE820B2DB9A0034387B = {
						CreatedOnToolsVersion = 9.3.1;
						TestTargetID = 436B5EC920B2DB980034387B;
					};
				};
			};
			buildConfigurationList = 436B5EC520B2DB980034387B /* Build configuration list for PBXProject "battleship" */;
			compatibilityVersion = "Xcode 9.3";
			developmentRegion = en;
			hasScannedForEncodings = 0;
			knownRegions = (
				en,
				Base,
			);
			mainGroup = 436B5EC120B2DB980034387B;
			productRefGroup = 436B5ECB20B2DB980034387B /* Products */;
			projectDirPath = "";
			projectRoot = "";
			targets = (
				436B5EC920B2DB980034387B /* battleship */,
				436B5EDD20B2DB9A0034387B /* battleshipTests */,
				436B5EE820B2DB9A0034387B /* battleshipUITests */,
			);
		};
/* End PBXProject section */

/* Begin PBXResourcesBuildPhase section */
		436B5EC820B2DB980034387B /* Resources */ = {
			isa = PBXResourcesBuildPhase;
			buildActionMask = 2147483647;
			files = (
				436B5ED820B2DB9A0034387B /* LaunchScreen.storyboard in Resources */,
				431E4D4920DFD9BC00698F63 /* GameView.xib in Resources */,
				431E4D4720DFA4C900698F63 /* WaitView.xib in Resources */,
				436B5ED520B2DB9A0034387B /* Assets.xcassets in Resources */,
				436B5ED320B2DB980034387B /* Main.storyboard in Resources */,
			);
			runOnlyForDeploymentPostprocessing = 0;
		};
		436B5EDC20B2DB9A0034387B /* Resources */ = {
			isa = PBXResourcesBuildPhase;
			buildActionMask = 2147483647;
			files = (
			);
			runOnlyForDeploymentPostprocessing = 0;
		};
		436B5EE720B2DB9A0034387B /* Resources */ = {
			isa = PBXResourcesBuildPhase;
			buildActionMask = 2147483647;
			files = (
			);
			runOnlyForDeploymentPostprocessing = 0;
		};
/* End PBXResourcesBuildPhase section */

/* Begin PBXShellScriptBuildPhase section */
		48A6270A867C8B4ACF192CA2 /* [CP] Check Pods Manifest.lock */ = {
			isa = PBXShellScriptBuildPhase;
			buildActionMask = 2147483647;
			files = (
			);
			inputPaths = (
				"${PODS_PODFILE_DIR_PATH}/Podfile.lock",
				"${PODS_ROOT}/Manifest.lock",
			);
			name = "[CP] Check Pods Manifest.lock";
			outputPaths = (
				"$(DERIVED_FILE_DIR)/Pods-battleshipUITests-checkManifestLockResult.txt",
			);
			runOnlyForDeploymentPostprocessing = 0;
			shellPath = /bin/sh;
			shellScript = "diff \"${PODS_PODFILE_DIR_PATH}/Podfile.lock\" \"${PODS_ROOT}/Manifest.lock\" > /dev/null\nif [ $? != 0 ] ; then\n    # print error to STDERR\n    echo \"error: The sandbox is not in sync with the Podfile.lock. Run 'pod install' or update your CocoaPods installation.\" >&2\n    exit 1\nfi\n# This output is used by Xcode 'outputs' to avoid re-running this script phase.\necho \"SUCCESS\" > \"${SCRIPT_OUTPUT_FILE_0}\"\n";
			showEnvVarsInLog = 0;
		};
		B1B85BF393330F47339D802C /* [CP] Embed Pods Frameworks */ = {
			isa = PBXShellScriptBuildPhase;
			buildActionMask = 2147483647;
			files = (
			);
			inputPaths = (
				"${SRCROOT}/Pods/Target Support Files/Pods-battleship/Pods-battleship-frameworks.sh",
				"${BUILT_PRODUCTS_DIR}/Alamofire/Alamofire.framework",
				"${BUILT_PRODUCTS_DIR}/Socket.IO-Client-Swift/SocketIO.framework",
				"${BUILT_PRODUCTS_DIR}/Starscream/Starscream.framework",
			);
			name = "[CP] Embed Pods Frameworks";
			outputPaths = (
				"${TARGET_BUILD_DIR}/${FRAMEWORKS_FOLDER_PATH}/Alamofire.framework",
				"${TARGET_BUILD_DIR}/${FRAMEWORKS_FOLDER_PATH}/SocketIO.framework",
				"${TARGET_BUILD_DIR}/${FRAMEWORKS_FOLDER_PATH}/Starscream.framework",
			);
			runOnlyForDeploymentPostprocessing = 0;
			shellPath = /bin/sh;
			shellScript = "\"${SRCROOT}/Pods/Target Support Files/Pods-battleship/Pods-battleship-frameworks.sh\"\n";
			showEnvVarsInLog = 0;
		};
		DECEBD9186048D85C8C5E671 /* [CP] Check Pods Manifest.lock */ = {
			isa = PBXShellScriptBuildPhase;
			buildActionMask = 2147483647;
			files = (
			);
			inputPaths = (
				"${PODS_PODFILE_DIR_PATH}/Podfile.lock",
				"${PODS_ROOT}/Manifest.lock",
			);
			name = "[CP] Check Pods Manifest.lock";
			outputPaths = (
				"$(DERIVED_FILE_DIR)/Pods-battleshipTests-checkManifestLockResult.txt",
			);
			runOnlyForDeploymentPostprocessing = 0;
			shellPath = /bin/sh;
			shellScript = "diff \"${PODS_PODFILE_DIR_PATH}/Podfile.lock\" \"${PODS_ROOT}/Manifest.lock\" > /dev/null\nif [ $? != 0 ] ; then\n    # print error to STDERR\n    echo \"error: The sandbox is not in sync with the Podfile.lock. Run 'pod install' or update your CocoaPods installation.\" >&2\n    exit 1\nfi\n# This output is used by Xcode 'outputs' to avoid re-running this script phase.\necho \"SUCCESS\" > \"${SCRIPT_OUTPUT_FILE_0}\"\n";
			showEnvVarsInLog = 0;
		};
		F60F71AAE85AAC96FF1AE0E7 /* [CP] Check Pods Manifest.lock */ = {
			isa = PBXShellScriptBuildPhase;
			buildActionMask = 2147483647;
			files = (
			);
			inputPaths = (
				"${PODS_PODFILE_DIR_PATH}/Podfile.lock",
				"${PODS_ROOT}/Manifest.lock",
			);
			name = "[CP] Check Pods Manifest.lock";
			outputPaths = (
				"$(DERIVED_FILE_DIR)/Pods-battleship-checkManifestLockResult.txt",
			);
			runOnlyForDeploymentPostprocessing = 0;
			shellPath = /bin/sh;
			shellScript = "diff \"${PODS_PODFILE_DIR_PATH}/Podfile.lock\" \"${PODS_ROOT}/Manifest.lock\" > /dev/null\nif [ $? != 0 ] ; then\n    # print error to STDERR\n    echo \"error: The sandbox is not in sync with the Podfile.lock. Run 'pod install' or update your CocoaPods installation.\" >&2\n    exit 1\nfi\n# This output is used by Xcode 'outputs' to avoid re-running this script phase.\necho \"SUCCESS\" > \"${SCRIPT_OUTPUT_FILE_0}\"\n";
			showEnvVarsInLog = 0;
		};
/* End PBXShellScriptBuildPhase section */

/* Begin PBXSourcesBuildPhase section */
		436B5EC620B2DB980034387B /* Sources */ = {
			isa = PBXSourcesBuildPhase;
			buildActionMask = 2147483647;
			files = (
				438DF9EC20B9D11C00FBC925 /* ShipView.swift in Sources */,
				436B5F0420B2DD800034387B /* GameViewController.swift in Sources */,
				4312BC2920B854A500B8BEC9 /* Game.swift in Sources */,
				439F7FC620E0126000FBDDBD /* RequestManager.swift in Sources */,
				436B5F0620B2DD940034387B /* LobbyViewController.swift in Sources */,
				4312BC2720B84E4000B8BEC9 /* Player.swift in Sources */,
				436B5EFE20B2DD470034387B /* SocketManager.swift in Sources */,
				4312BC2520B8497300B8BEC9 /* Ship.swift in Sources */,
				438DF9EA20B9C8D500FBC925 /* LineView.swift in Sources */,
				438DF9EE20B9D6F400FBC925 /* GameView.swift in Sources */,
				436B5ECE20B2DB980034387B /* AppDelegate.swift in Sources */,
			);
			runOnlyForDeploymentPostprocessing = 0;
		};
		436B5EDA20B2DB9A0034387B /* Sources */ = {
			isa = PBXSourcesBuildPhase;
			buildActionMask = 2147483647;
			files = (
				436B5EE320B2DB9A0034387B /* battleshipTests.swift in Sources */,
			);
			runOnlyForDeploymentPostprocessing = 0;
		};
		436B5EE520B2DB9A0034387B /* Sources */ = {
			isa = PBXSourcesBuildPhase;
			buildActionMask = 2147483647;
			files = (
				436B5EEE20B2DB9A0034387B /* battleshipUITests.swift in Sources */,
			);
			runOnlyForDeploymentPostprocessing = 0;
		};
/* End PBXSourcesBuildPhase section */

/* Begin PBXTargetDependency section */
		436B5EE020B2DB9A0034387B /* PBXTargetDependency */ = {
			isa = PBXTargetDependency;
			target = 436B5EC920B2DB980034387B /* battleship */;
			targetProxy = 436B5EDF20B2DB9A0034387B /* PBXContainerItemProxy */;
		};
		436B5EEB20B2DB9A0034387B /* PBXTargetDependency */ = {
			isa = PBXTargetDependency;
			target = 436B5EC920B2DB980034387B /* battleship */;
			targetProxy = 436B5EEA20B2DB9A0034387B /* PBXContainerItemProxy */;
		};
/* End PBXTargetDependency section */

/* Begin PBXVariantGroup section */
		436B5ED120B2DB980034387B /* Main.storyboard */ = {
			isa = PBXVariantGroup;
			children = (
				436B5ED220B2DB980034387B /* Base */,
			);
			name = Main.storyboard;
			sourceTree = "<group>";
		};
		436B5ED620B2DB9A0034387B /* LaunchScreen.storyboard */ = {
			isa = PBXVariantGroup;
			children = (
				436B5ED720B2DB9A0034387B /* Base */,
			);
			name = LaunchScreen.storyboard;
			sourceTree = "<group>";
		};
/* End PBXVariantGroup section */

/* Begin XCBuildConfiguration section */
		436B5EF020B2DB9A0034387B /* Debug */ = {
			isa = XCBuildConfiguration;
			buildSettings = {
				ALWAYS_SEARCH_USER_PATHS = NO;
				CLANG_ANALYZER_NONNULL = YES;
				CLANG_ANALYZER_NUMBER_OBJECT_CONVERSION = YES_AGGRESSIVE;
				CLANG_CXX_LANGUAGE_STANDARD = "gnu++14";
				CLANG_CXX_LIBRARY = "libc++";
				CLANG_ENABLE_MODULES = YES;
				CLANG_ENABLE_OBJC_ARC = YES;
				CLANG_ENABLE_OBJC_WEAK = YES;
				CLANG_WARN_BLOCK_CAPTURE_AUTORELEASING = YES;
				CLANG_WARN_BOOL_CONVERSION = YES;
				CLANG_WARN_COMMA = YES;
				CLANG_WARN_CONSTANT_CONVERSION = YES;
				CLANG_WARN_DEPRECATED_OBJC_IMPLEMENTATIONS = YES;
				CLANG_WARN_DIRECT_OBJC_ISA_USAGE = YES_ERROR;
				CLANG_WARN_DOCUMENTATION_COMMENTS = YES;
				CLANG_WARN_EMPTY_BODY = YES;
				CLANG_WARN_ENUM_CONVERSION = YES;
				CLANG_WARN_INFINITE_RECURSION = YES;
				CLANG_WARN_INT_CONVERSION = YES;
				CLANG_WARN_NON_LITERAL_NULL_CONVERSION = YES;
				CLANG_WARN_OBJC_IMPLICIT_RETAIN_SELF = YES;
				CLANG_WARN_OBJC_LITERAL_CONVERSION = YES;
				CLANG_WARN_OBJC_ROOT_CLASS = YES_ERROR;
				CLANG_WARN_RANGE_LOOP_ANALYSIS = YES;
				CLANG_WARN_STRICT_PROTOTYPES = YES;
				CLANG_WARN_SUSPICIOUS_MOVE = YES;
				CLANG_WARN_UNGUARDED_AVAILABILITY = YES_AGGRESSIVE;
				CLANG_WARN_UNREACHABLE_CODE = YES;
				CLANG_WARN__DUPLICATE_METHOD_MATCH = YES;
				CODE_SIGN_IDENTITY = "iPhone Developer";
				COPY_PHASE_STRIP = NO;
				DEBUG_INFORMATION_FORMAT = dwarf;
				ENABLE_STRICT_OBJC_MSGSEND = YES;
				ENABLE_TESTABILITY = YES;
				GCC_C_LANGUAGE_STANDARD = gnu11;
				GCC_DYNAMIC_NO_PIC = NO;
				GCC_NO_COMMON_BLOCKS = YES;
				GCC_OPTIMIZATION_LEVEL = 0;
				GCC_PREPROCESSOR_DEFINITIONS = (
					"DEBUG=1",
					"$(inherited)",
				);
				GCC_WARN_64_TO_32_BIT_CONVERSION = YES;
				GCC_WARN_ABOUT_RETURN_TYPE = YES_ERROR;
				GCC_WARN_UNDECLARED_SELECTOR = YES;
				GCC_WARN_UNINITIALIZED_AUTOS = YES_AGGRESSIVE;
				GCC_WARN_UNUSED_FUNCTION = YES;
				GCC_WARN_UNUSED_VARIABLE = YES;
				IPHONEOS_DEPLOYMENT_TARGET = 11.3;
				MTL_ENABLE_DEBUG_INFO = YES;
				ONLY_ACTIVE_ARCH = YES;
				SDKROOT = iphoneos;
				SWIFT_ACTIVE_COMPILATION_CONDITIONS = DEBUG;
				SWIFT_OPTIMIZATION_LEVEL = "-Onone";
			};
			name = Debug;
		};
		436B5EF120B2DB9A0034387B /* Release */ = {
			isa = XCBuildConfiguration;
			buildSettings = {
				ALWAYS_SEARCH_USER_PATHS = NO;
				CLANG_ANALYZER_NONNULL = YES;
				CLANG_ANALYZER_NUMBER_OBJECT_CONVERSION = YES_AGGRESSIVE;
				CLANG_CXX_LANGUAGE_STANDARD = "gnu++14";
				CLANG_CXX_LIBRARY = "libc++";
				CLANG_ENABLE_MODULES = YES;
				CLANG_ENABLE_OBJC_ARC = YES;
				CLANG_ENABLE_OBJC_WEAK = YES;
				CLANG_WARN_BLOCK_CAPTURE_AUTORELEASING = YES;
				CLANG_WARN_BOOL_CONVERSION = YES;
				CLANG_WARN_COMMA = YES;
				CLANG_WARN_CONSTANT_CONVERSION = YES;
				CLANG_WARN_DEPRECATED_OBJC_IMPLEMENTATIONS = YES;
				CLANG_WARN_DIRECT_OBJC_ISA_USAGE = YES_ERROR;
				CLANG_WARN_DOCUMENTATION_COMMENTS = YES;
				CLANG_WARN_EMPTY_BODY = YES;
				CLANG_WARN_ENUM_CONVERSION = YES;
				CLANG_WARN_INFINITE_RECURSION = YES;
				CLANG_WARN_INT_CONVERSION = YES;
				CLANG_WARN_NON_LITERAL_NULL_CONVERSION = YES;
				CLANG_WARN_OBJC_IMPLICIT_RETAIN_SELF = YES;
				CLANG_WARN_OBJC_LITERAL_CONVERSION = YES;
				CLANG_WARN_OBJC_ROOT_CLASS = YES_ERROR;
				CLANG_WARN_RANGE_LOOP_ANALYSIS = YES;
				CLANG_WARN_STRICT_PROTOTYPES = YES;
				CLANG_WARN_SUSPICIOUS_MOVE = YES;
				CLANG_WARN_UNGUARDED_AVAILABILITY = YES_AGGRESSIVE;
				CLANG_WARN_UNREACHABLE_CODE = YES;
				CLANG_WARN__DUPLICATE_METHOD_MATCH = YES;
				CODE_SIGN_IDENTITY = "iPhone Developer";
				COPY_PHASE_STRIP = NO;
				DEBUG_INFORMATION_FORMAT = "dwarf-with-dsym";
				ENABLE_NS_ASSERTIONS = NO;
				ENABLE_STRICT_OBJC_MSGSEND = YES;
				GCC_C_LANGUAGE_STANDARD = gnu11;
				GCC_NO_COMMON_BLOCKS = YES;
				GCC_WARN_64_TO_32_BIT_CONVERSION = YES;
				GCC_WARN_ABOUT_RETURN_TYPE = YES_ERROR;
				GCC_WARN_UNDECLARED_SELECTOR = YES;
				GCC_WARN_UNINITIALIZED_AUTOS = YES_AGGRESSIVE;
				GCC_WARN_UNUSED_FUNCTION = YES;
				GCC_WARN_UNUSED_VARIABLE = YES;
				IPHONEOS_DEPLOYMENT_TARGET = 11.3;
				MTL_ENABLE_DEBUG_INFO = NO;
				SDKROOT = iphoneos;
				SWIFT_COMPILATION_MODE = wholemodule;
				SWIFT_OPTIMIZATION_LEVEL = "-O";
				VALIDATE_PRODUCT = YES;
			};
			name = Release;
		};
		436B5EF320B2DB9A0034387B /* Debug */ = {
			isa = XCBuildConfiguration;
			baseConfigurationReference = 060DAC36B2D85488EA08E837 /* Pods-battleship.debug.xcconfig */;
			buildSettings = {
				ASSETCATALOG_COMPILER_APPICON_NAME = AppIcon;
				CODE_SIGN_STYLE = Automatic;
				DEVELOPMENT_TEAM = 96FYGHL73A;
				INFOPLIST_FILE = battleship/Info.plist;
				LD_RUNPATH_SEARCH_PATHS = (
					"$(inherited)",
					"@executable_path/Frameworks",
				);
				PRODUCT_BUNDLE_IDENTIFIER = epitech.battleship;
				PRODUCT_NAME = "$(TARGET_NAME)";
				SWIFT_VERSION = 4.0;
				TARGETED_DEVICE_FAMILY = "1,2";
			};
			name = Debug;
		};
		436B5EF420B2DB9A0034387B /* Release */ = {
			isa = XCBuildConfiguration;
			baseConfigurationReference = C547B3F191C7DBE5A893F140 /* Pods-battleship.release.xcconfig */;
			buildSettings = {
				ASSETCATALOG_COMPILER_APPICON_NAME = AppIcon;
				CODE_SIGN_STYLE = Automatic;
				DEVELOPMENT_TEAM = 96FYGHL73A;
				INFOPLIST_FILE = battleship/Info.plist;
				LD_RUNPATH_SEARCH_PATHS = (
					"$(inherited)",
					"@executable_path/Frameworks",
				);
				PRODUCT_BUNDLE_IDENTIFIER = epitech.battleship;
				PRODUCT_NAME = "$(TARGET_NAME)";
				SWIFT_VERSION = 4.0;
				TARGETED_DEVICE_FAMILY = "1,2";
			};
			name = Release;
		};
		436B5EF620B2DB9A0034387B /* Debug */ = {
			isa = XCBuildConfiguration;
			baseConfigurationReference = CBA4E93081CAC548CA3A8304 /* Pods-battleshipTests.debug.xcconfig */;
			buildSettings = {
				ALWAYS_EMBED_SWIFT_STANDARD_LIBRARIES = YES;
				BUNDLE_LOADER = "$(TEST_HOST)";
				CODE_SIGN_STYLE = Automatic;
				DEVELOPMENT_TEAM = 96FYGHL73A;
				INFOPLIST_FILE = battleshipTests/Info.plist;
				LD_RUNPATH_SEARCH_PATHS = (
					"$(inherited)",
					"@executable_path/Frameworks",
					"@loader_path/Frameworks",
				);
				PRODUCT_BUNDLE_IDENTIFIER = epitech.battleshipTests;
				PRODUCT_NAME = "$(TARGET_NAME)";
				SWIFT_VERSION = 4.0;
				TARGETED_DEVICE_FAMILY = "1,2";
				TEST_HOST = "$(BUILT_PRODUCTS_DIR)/battleship.app/battleship";
			};
			name = Debug;
		};
		436B5EF720B2DB9A0034387B /* Release */ = {
			isa = XCBuildConfiguration;
			baseConfigurationReference = 62E726A47A5125EB290D0FE0 /* Pods-battleshipTests.release.xcconfig */;
			buildSettings = {
				ALWAYS_EMBED_SWIFT_STANDARD_LIBRARIES = YES;
				BUNDLE_LOADER = "$(TEST_HOST)";
				CODE_SIGN_STYLE = Automatic;
				DEVELOPMENT_TEAM = 96FYGHL73A;
				INFOPLIST_FILE = battleshipTests/Info.plist;
				LD_RUNPATH_SEARCH_PATHS = (
					"$(inherited)",
					"@executable_path/Frameworks",
					"@loader_path/Frameworks",
				);
				PRODUCT_BUNDLE_IDENTIFIER = epitech.battleshipTests;
				PRODUCT_NAME = "$(TARGET_NAME)";
				SWIFT_VERSION = 4.0;
				TARGETED_DEVICE_FAMILY = "1,2";
				TEST_HOST = "$(BUILT_PRODUCTS_DIR)/battleship.app/battleship";
			};
			name = Release;
		};
		436B5EF920B2DB9A0034387B /* Debug */ = {
			isa = XCBuildConfiguration;
			baseConfigurationReference = 38E8B7E6B0ECEC5CF57B14EF /* Pods-battleshipUITests.debug.xcconfig */;
			buildSettings = {
				ALWAYS_EMBED_SWIFT_STANDARD_LIBRARIES = YES;
				CODE_SIGN_STYLE = Automatic;
				DEVELOPMENT_TEAM = 96FYGHL73A;
				INFOPLIST_FILE = battleshipUITests/Info.plist;
				LD_RUNPATH_SEARCH_PATHS = (
					"$(inherited)",
					"@executable_path/Frameworks",
					"@loader_path/Frameworks",
				);
				PRODUCT_BUNDLE_IDENTIFIER = epitech.battleshipUITests;
				PRODUCT_NAME = "$(TARGET_NAME)";
				SWIFT_VERSION = 4.0;
				TARGETED_DEVICE_FAMILY = "1,2";
				TEST_TARGET_NAME = battleship;
			};
			name = Debug;
		};
		436B5EFA20B2DB9A0034387B /* Release */ = {
			isa = XCBuildConfiguration;
			baseConfigurationReference = F4EE3452B6E9583025369F75 /* Pods-battleshipUITests.release.xcconfig */;
			buildSettings = {
				ALWAYS_EMBED_SWIFT_STANDARD_LIBRARIES = YES;
				CODE_SIGN_STYLE = Automatic;
				DEVELOPMENT_TEAM = 96FYGHL73A;
				INFOPLIST_FILE = battleshipUITests/Info.plist;
				LD_RUNPATH_SEARCH_PATHS = (
					"$(inherited)",
					"@executable_path/Frameworks",
					"@loader_path/Frameworks",
				);
				PRODUCT_BUNDLE_IDENTIFIER = epitech.battleshipUITests;
				PRODUCT_NAME = "$(TARGET_NAME)";
				SWIFT_VERSION = 4.0;
				TARGETED_DEVICE_FAMILY = "1,2";
				TEST_TARGET_NAME = battleship;
			};
			name = Release;
		};
/* End XCBuildConfiguration section */

/* Begin XCConfigurationList section */
		436B5EC520B2DB980034387B /* Build configuration list for PBXProject "battleship" */ = {
			isa = XCConfigurationList;
			buildConfigurations = (
				436B5EF020B2DB9A0034387B /* Debug */,
				436B5EF120B2DB9A0034387B /* Release */,
			);
			defaultConfigurationIsVisible = 0;
			defaultConfigurationName = Release;
		};
		436B5EF220B2DB9A0034387B /* Build configuration list for PBXNativeTarget "battleship" */ = {
			isa = XCConfigurationList;
			buildConfigurations = (
				436B5EF320B2DB9A0034387B /* Debug */,
				436B5EF420B2DB9A0034387B /* Release */,
			);
			defaultConfigurationIsVisible = 0;
			defaultConfigurationName = Release;
		};
		436B5EF520B2DB9A0034387B /* Build configuration list for PBXNativeTarget "battleshipTests" */ = {
			isa = XCConfigurationList;
			buildConfigurations = (
				436B5EF620B2DB9A0034387B /* Debug */,
				436B5EF720B2DB9A0034387B /* Release */,
			);
			defaultConfigurationIsVisible = 0;
			defaultConfigurationName = Release;
		};
		436B5EF820B2DB9A0034387B /* Build configuration list for PBXNativeTarget "battleshipUITests" */ = {
			isa = XCConfigurationList;
			buildConfigurations = (
				436B5EF920B2DB9A0034387B /* Debug */,
				436B5EFA20B2DB9A0034387B /* Release */,
			);
			defaultConfigurationIsVisible = 0;
			defaultConfigurationName = Release;
		};
/* End XCConfigurationList section */
	};
	rootObject = 436B5EC220B2DB980034387B /* Project object */;
}
